
Microsoft Visual Studio Solution File, Format Version 12.00
# Visual Studio 15
VisualStudioVersion = 15.0.27130.2026
MinimumVisualStudioVersion = 10.0.40219.1
Project("{FAE04EC0-301F-11D3-BF4B-00C04F79EFBC}") = "DoorControl", "DoorControl\DoorControl.csproj", "{F13064B8-AB53-433B-A875-2B83C8CE6EC0}"
EndProject
Project("{FAE04EC0-301F-11D3-BF4B-00C04F79EFBC}") = "DoorControl.Test.Unit", "DoorControl.Test.Unit\DoorControl.Test.Unit.csproj", "{93C00467-1F06-4849-87D5-B24D702CEC97}"
EndProject
Global
	GlobalSection(SolutionConfigurationPlatforms) = preSolution
		Debug|Any CPU = Debug|Any CPU
		Release|Any CPU = Release|Any CPU
	EndGlobalSection
	GlobalSection(ProjectConfigurationPlatforms) = postSolution
		{F13064B8-AB53-433B-A875-2B83C8CE6EC0}.Debug|Any CPU.ActiveCfg = Debug|Any CPU
		{F13064B8-AB53-433B-A875-2B83C8CE6EC0}.Debug|Any CPU.Build.0 = Debug|Any CPU
		{F13064B8-AB53-433B-A875-2B83C8CE6EC0}.Release|Any CPU.ActiveCfg = Release|Any CPU
		{F13064B8-AB53-433B-A875-2B83C8CE6EC0}.Release|Any CPU.Build.0 = Release|Any CPU
		{93C00467-1F06-4849-87D5-B24D702CEC97}.Debug|Any CPU.ActiveCfg = Debug|Any CPU
		{93C00467-1F06-4849-87D5-B24D702CEC97}.Debug|Any CPU.Build.0 = Debug|Any CPU
		{93C00467-1F06-4849-87D5-B24D702CEC97}.Release|Any CPU.ActiveCfg = Release|Any CPU
		{93C00467-1F06-4849-87D5-B24D702CEC97}.Release|Any CPU.Build.0 = Release|Any CPU
	EndGlobalSection
	GlobalSection(SolutionProperties) = preSolution
		HideSolutionNode = FALSE
	EndGlobalSection
	GlobalSection(ExtensibilityGlobals) = postSolution
		SolutionGuid = {0259D436-0959-4DFF-BC6F-00042D854C50}
	EndGlobalSection
EndGlobal
